
Microsoft Visual Studio Solution File, Format Version 12.00
# Visual Studio Version 17
VisualStudioVersion = 17.3.32929.385
MinimumVisualStudioVersion = 10.0.40219.1
Project("{FAE04EC0-301F-11D3-BF4B-00C04F79EFBC}") = "ProyectoAutomotrizProgramacionII", "ProyectoAutomotrizProgramacionII\ProyectoAutomotrizProgramacionII.csproj", "{0364303C-ACB0-4095-AAF0-B41F8EA74634}"
	ProjectSection(ProjectDependencies) = postProject
		{F976BE09-F28F-4FEB-8D9C-BE9754DA8EE2} = {F976BE09-F28F-4FEB-8D9C-BE9754DA8EE2}
	EndProjectSection
EndProject
Project("{FAE04EC0-301F-11D3-BF4B-00C04F79EFBC}") = "AutomotrizAplicacion", "AutomotrizAplicacion\AutomotrizAplicacion.csproj", "{F976BE09-F28F-4FEB-8D9C-BE9754DA8EE2}"
EndProject
Project("{FAE04EC0-301F-11D3-BF4B-00C04F79EFBC}") = "AutomotrizApi", "AutomotrizApi\AutomotrizApi.csproj", "{0B422102-A041-47B2-B2C5-EA596CAF7539}"
EndProject
Global
	GlobalSection(SolutionConfigurationPlatforms) = preSolution
		Debug|Any CPU = Debug|Any CPU
		Release|Any CPU = Release|Any CPU
	EndGlobalSection
	GlobalSection(ProjectConfigurationPlatforms) = postSolution
		{0364303C-ACB0-4095-AAF0-B41F8EA74634}.Debug|Any CPU.ActiveCfg = Debug|Any CPU
		{0364303C-ACB0-4095-AAF0-B41F8EA74634}.Debug|Any CPU.Build.0 = Debug|Any CPU
		{0364303C-ACB0-4095-AAF0-B41F8EA74634}.Release|Any CPU.ActiveCfg = Release|Any CPU
		{0364303C-ACB0-4095-AAF0-B41F8EA74634}.Release|Any CPU.Build.0 = Release|Any CPU
		{F976BE09-F28F-4FEB-8D9C-BE9754DA8EE2}.Debug|Any CPU.ActiveCfg = Debug|Any CPU
		{F976BE09-F28F-4FEB-8D9C-BE9754DA8EE2}.Debug|Any CPU.Build.0 = Debug|Any CPU
		{F976BE09-F28F-4FEB-8D9C-BE9754DA8EE2}.Release|Any CPU.ActiveCfg = Release|Any CPU
		{F976BE09-F28F-4FEB-8D9C-BE9754DA8EE2}.Release|Any CPU.Build.0 = Release|Any CPU
		{0B422102-A041-47B2-B2C5-EA596CAF7539}.Debug|Any CPU.ActiveCfg = Debug|Any CPU
		{0B422102-A041-47B2-B2C5-EA596CAF7539}.Debug|Any CPU.Build.0 = Debug|Any CPU
		{0B422102-A041-47B2-B2C5-EA596CAF7539}.Release|Any CPU.ActiveCfg = Release|Any CPU
		{0B422102-A041-47B2-B2C5-EA596CAF7539}.Release|Any CPU.Build.0 = Release|Any CPU
	EndGlobalSection
	GlobalSection(SolutionProperties) = preSolution
		HideSolutionNode = FALSE
	EndGlobalSection
	GlobalSection(ExtensibilityGlobals) = postSolution
		SolutionGuid = {BE988E30-4469-42F2-81E2-A49519490BCB}
	EndGlobalSection
EndGlobal
